
Microsoft Visual Studio Solution File, Format Version 12.00
# Visual Studio 15
VisualStudioVersion = 15.0.26124.0
MinimumVisualStudioVersion = 15.0.26124.0
Project("{FAE04EC0-301F-11D3-BF4B-00C04F79EFBC}") = "Programas-em-.Net-Cs", "Rent-Vehicles-dotnet-create-first-mvc\Programas-em-.Net-Cs.csproj", "{B5E3C585-1481-48CD-802F-E00975B16572}"
EndProject
Project("{FAE04EC0-301F-11D3-BF4B-00C04F79EFBC}") = "Senac.Tests", "Senac.Tests\Senac.Tests.csproj", "{339B952A-D0C8-4320-89BB-935C2A6364EF}"
EndProject
Global
	GlobalSection(SolutionConfigurationPlatforms) = preSolution
		Debug|Any CPU = Debug|Any CPU
		Debug|x64 = Debug|x64
		Debug|x86 = Debug|x86
		Release|Any CPU = Release|Any CPU
		Release|x64 = Release|x64
		Release|x86 = Release|x86
	EndGlobalSection
	GlobalSection(SolutionProperties) = preSolution
		HideSolutionNode = FALSE
	EndGlobalSection
	GlobalSection(ProjectConfigurationPlatforms) = postSolution
		{B5E3C585-1481-48CD-802F-E00975B16572}.Debug|Any CPU.ActiveCfg = Debug|Any CPU
		{B5E3C585-1481-48CD-802F-E00975B16572}.Debug|Any CPU.Build.0 = Debug|Any CPU
		{B5E3C585-1481-48CD-802F-E00975B16572}.Debug|x64.ActiveCfg = Debug|Any CPU
		{B5E3C585-1481-48CD-802F-E00975B16572}.Debug|x64.Build.0 = Debug|Any CPU
		{B5E3C585-1481-48CD-802F-E00975B16572}.Debug|x86.ActiveCfg = Debug|Any CPU
		{B5E3C585-1481-48CD-802F-E00975B16572}.Debug|x86.Build.0 = Debug|Any CPU
		{B5E3C585-1481-48CD-802F-E00975B16572}.Release|Any CPU.ActiveCfg = Release|Any CPU
		{B5E3C585-1481-48CD-802F-E00975B16572}.Release|Any CPU.Build.0 = Release|Any CPU
		{B5E3C585-1481-48CD-802F-E00975B16572}.Release|x64.ActiveCfg = Release|Any CPU
		{B5E3C585-1481-48CD-802F-E00975B16572}.Release|x64.Build.0 = Release|Any CPU
		{B5E3C585-1481-48CD-802F-E00975B16572}.Release|x86.ActiveCfg = Release|Any CPU
		{B5E3C585-1481-48CD-802F-E00975B16572}.Release|x86.Build.0 = Release|Any CPU
		{339B952A-D0C8-4320-89BB-935C2A6364EF}.Debug|Any CPU.ActiveCfg = Debug|Any CPU
		{339B952A-D0C8-4320-89BB-935C2A6364EF}.Debug|Any CPU.Build.0 = Debug|Any CPU
		{339B952A-D0C8-4320-89BB-935C2A6364EF}.Debug|x64.ActiveCfg = Debug|Any CPU
		{339B952A-D0C8-4320-89BB-935C2A6364EF}.Debug|x64.Build.0 = Debug|Any CPU
		{339B952A-D0C8-4320-89BB-935C2A6364EF}.Debug|x86.ActiveCfg = Debug|Any CPU
		{339B952A-D0C8-4320-89BB-935C2A6364EF}.Debug|x86.Build.0 = Debug|Any CPU
		{339B952A-D0C8-4320-89BB-935C2A6364EF}.Release|Any CPU.ActiveCfg = Release|Any CPU
		{339B952A-D0C8-4320-89BB-935C2A6364EF}.Release|Any CPU.Build.0 = Release|Any CPU
		{339B952A-D0C8-4320-89BB-935C2A6364EF}.Release|x64.ActiveCfg = Release|Any CPU
		{339B952A-D0C8-4320-89BB-935C2A6364EF}.Release|x64.Build.0 = Release|Any CPU
		{339B952A-D0C8-4320-89BB-935C2A6364EF}.Release|x86.ActiveCfg = Release|Any CPU
		{339B952A-D0C8-4320-89BB-935C2A6364EF}.Release|x86.Build.0 = Release|Any CPU
	EndGlobalSection
EndGlobal
